// !$*UTF8*$!
{
	archiveVersion = 1;
	classes = {
	};
	objectVersion = 46;
	objects = {

/* Begin PBXBuildFile section */
		F1096CAD1E6F9F85009851B6 /* HHRunTimeManager.m in Sources */ = {isa = PBXBuildFile; fileRef = F1096CAC1E6F9F85009851B6 /* HHRunTimeManager.m */; };
		F1096CB11E6FC9C8009851B6 /* HHRunTimeRootViewController.m in Sources */ = {isa = PBXBuildFile; fileRef = F1096CB01E6FC9C8009851B6 /* HHRunTimeRootViewController.m */; };
		F1096CB41E6FCD41009851B6 /* HHRunTimeTest.m in Sources */ = {isa = PBXBuildFile; fileRef = F1096CB31E6FCD41009851B6 /* HHRunTimeTest.m */; };
		F1096CB81E6FD17D009851B6 /* RunTimeTestCell.m in Sources */ = {isa = PBXBuildFile; fileRef = F1096CB71E6FD17D009851B6 /* RunTimeTestCell.m */; };
		F1096CBC1E702968009851B6 /* HHMessageForwardViewController.m in Sources */ = {isa = PBXBuildFile; fileRef = F1096CBB1E702968009851B6 /* HHMessageForwardViewController.m */; };
		F1096CBF1E7053BC009851B6 /* forwardTest.m in Sources */ = {isa = PBXBuildFile; fileRef = F1096CBE1E7053BC009851B6 /* forwardTest.m */; };
		F1096CC51E705948009851B6 /* subForwardTest.m in Sources */ = {isa = PBXBuildFile; fileRef = F1096CC41E705948009851B6 /* subForwardTest.m */; };
		F11E4C601E76C86C00D9AEDD /* HHResponderLinkViewController.m in Sources */ = {isa = PBXBuildFile; fileRef = F11E4C5F1E76C86C00D9AEDD /* HHResponderLinkViewController.m */; };
		F11E4C671E76DB3B00D9AEDD /* HHResponderAView.m in Sources */ = {isa = PBXBuildFile; fileRef = F11E4C661E76DB3B00D9AEDD /* HHResponderAView.m */; };
		F11E4C6A1E76DB4800D9AEDD /* HHResponderBView.m in Sources */ = {isa = PBXBuildFile; fileRef = F11E4C691E76DB4800D9AEDD /* HHResponderBView.m */; };
		F11E4C6D1E76DB5500D9AEDD /* HHResponderCView.m in Sources */ = {isa = PBXBuildFile; fileRef = F11E4C6C1E76DB5500D9AEDD /* HHResponderCView.m */; };
		F11E4C701E76DB6200D9AEDD /* HHResponderDView.m in Sources */ = {isa = PBXBuildFile; fileRef = F11E4C6F1E76DB6200D9AEDD /* HHResponderDView.m */; };
		F17AF2881E6F0EFA00608536 /* main.m in Sources */ = {isa = PBXBuildFile; fileRef = F17AF2871E6F0EFA00608536 /* main.m */; };
		F17AF28B1E6F0EFA00608536 /* AppDelegate.m in Sources */ = {isa = PBXBuildFile; fileRef = F17AF28A1E6F0EFA00608536 /* AppDelegate.m */; };
		F17AF28E1E6F0EFA00608536 /* ViewController.m in Sources */ = {isa = PBXBuildFile; fileRef = F17AF28D1E6F0EFA00608536 /* ViewController.m */; };
		F17AF2911E6F0EFB00608536 /* Main.storyboard in Resources */ = {isa = PBXBuildFile; fileRef = F17AF28F1E6F0EFB00608536 /* Main.storyboard */; };
		F17AF2941E6F0EFB00608536 /* studyDemo.xcdatamodeld in Sources */ = {isa = PBXBuildFile; fileRef = F17AF2921E6F0EFB00608536 /* studyDemo.xcdatamodeld */; };
		F17AF2961E6F0EFB00608536 /* Assets.xcassets in Resources */ = {isa = PBXBuildFile; fileRef = F17AF2951E6F0EFB00608536 /* Assets.xcassets */; };
		F17AF2991E6F0EFB00608536 /* LaunchScreen.storyboard in Resources */ = {isa = PBXBuildFile; fileRef = F17AF2971E6F0EFB00608536 /* LaunchScreen.storyboard */; };
/* End PBXBuildFile section */

/* Begin PBXFileReference section */
		F1096CAB1E6F9F85009851B6 /* HHRunTimeManager.h */ = {isa = PBXFileReference; fileEncoding = 4; lastKnownFileType = sourcecode.c.h; path = HHRunTimeManager.h; sourceTree = "<group>"; };
		F1096CAC1E6F9F85009851B6 /* HHRunTimeManager.m */ = {isa = PBXFileReference; fileEncoding = 4; lastKnownFileType = sourcecode.c.objc; path = HHRunTimeManager.m; sourceTree = "<group>"; };
		F1096CAF1E6FC9C8009851B6 /* HHRunTimeRootViewController.h */ = {isa = PBXFileReference; fileEncoding = 4; lastKnownFileType = sourcecode.c.h; path = HHRunTimeRootViewController.h; sourceTree = "<group>"; };
		F1096CB01E6FC9C8009851B6 /* HHRunTimeRootViewController.m */ = {isa = PBXFileReference; fileEncoding = 4; lastKnownFileType = sourcecode.c.objc; path = HHRunTimeRootViewController.m; sourceTree = "<group>"; };
		F1096CB21E6FCD41009851B6 /* HHRunTimeTest.h */ = {isa = PBXFileReference; fileEncoding = 4; lastKnownFileType = sourcecode.c.h; path = HHRunTimeTest.h; sourceTree = "<group>"; };
		F1096CB31E6FCD41009851B6 /* HHRunTimeTest.m */ = {isa = PBXFileReference; fileEncoding = 4; lastKnownFileType = sourcecode.c.objc; path = HHRunTimeTest.m; sourceTree = "<group>"; };
		F1096CB61E6FD17D009851B6 /* RunTimeTestCell.h */ = {isa = PBXFileReference; fileEncoding = 4; lastKnownFileType = sourcecode.c.h; path = RunTimeTestCell.h; sourceTree = "<group>"; };
		F1096CB71E6FD17D009851B6 /* RunTimeTestCell.m */ = {isa = PBXFileReference; fileEncoding = 4; lastKnownFileType = sourcecode.c.objc; path = RunTimeTestCell.m; sourceTree = "<group>"; };
		F1096CBA1E702968009851B6 /* HHMessageForwardViewController.h */ = {isa = PBXFileReference; fileEncoding = 4; lastKnownFileType = sourcecode.c.h; path = HHMessageForwardViewController.h; sourceTree = "<group>"; };
		F1096CBB1E702968009851B6 /* HHMessageForwardViewController.m */ = {isa = PBXFileReference; fileEncoding = 4; lastKnownFileType = sourcecode.c.objc; path = HHMessageForwardViewController.m; sourceTree = "<group>"; };
		F1096CBD1E7053BC009851B6 /* forwardTest.h */ = {isa = PBXFileReference; fileEncoding = 4; lastKnownFileType = sourcecode.c.h; path = forwardTest.h; sourceTree = "<group>"; };
		F1096CBE1E7053BC009851B6 /* forwardTest.m */ = {isa = PBXFileReference; fileEncoding = 4; lastKnownFileType = sourcecode.c.objc; path = forwardTest.m; sourceTree = "<group>"; };
		F1096CC31E705948009851B6 /* subForwardTest.h */ = {isa = PBXFileReference; fileEncoding = 4; lastKnownFileType = sourcecode.c.h; path = subForwardTest.h; sourceTree = "<group>"; };
		F1096CC41E705948009851B6 /* subForwardTest.m */ = {isa = PBXFileReference; fileEncoding = 4; lastKnownFileType = sourcecode.c.objc; path = subForwardTest.m; sourceTree = "<group>"; };
		F11E4C5E1E76C86C00D9AEDD /* HHResponderLinkViewController.h */ = {isa = PBXFileReference; fileEncoding = 4; lastKnownFileType = sourcecode.c.h; path = HHResponderLinkViewController.h; sourceTree = "<group>"; };
		F11E4C5F1E76C86C00D9AEDD /* HHResponderLinkViewController.m */ = {isa = PBXFileReference; fileEncoding = 4; lastKnownFileType = sourcecode.c.objc; path = HHResponderLinkViewController.m; sourceTree = "<group>"; };
		F11E4C651E76DB3B00D9AEDD /* HHResponderAView.h */ = {isa = PBXFileReference; fileEncoding = 4; lastKnownFileType = sourcecode.c.h; path = HHResponderAView.h; sourceTree = "<group>"; };
		F11E4C661E76DB3B00D9AEDD /* HHResponderAView.m */ = {isa = PBXFileReference; fileEncoding = 4; lastKnownFileType = sourcecode.c.objc; path = HHResponderAView.m; sourceTree = "<group>"; };
		F11E4C681E76DB4800D9AEDD /* HHResponderBView.h */ = {isa = PBXFileReference; fileEncoding = 4; lastKnownFileType = sourcecode.c.h; path = HHResponderBView.h; sourceTree = "<group>"; };
		F11E4C691E76DB4800D9AEDD /* HHResponderBView.m */ = {isa = PBXFileReference; fileEncoding = 4; lastKnownFileType = sourcecode.c.objc; path = HHResponderBView.m; sourceTree = "<group>"; };
		F11E4C6B1E76DB5500D9AEDD /* HHResponderCView.h */ = {isa = PBXFileReference; fileEncoding = 4; lastKnownFileType = sourcecode.c.h; path = HHResponderCView.h; sourceTree = "<group>"; };
		F11E4C6C1E76DB5500D9AEDD /* HHResponderCView.m */ = {isa = PBXFileReference; fileEncoding = 4; lastKnownFileType = sourcecode.c.objc; path = HHResponderCView.m; sourceTree = "<group>"; };
		F11E4C6E1E76DB6200D9AEDD /* HHResponderDView.h */ = {isa = PBXFileReference; fileEncoding = 4; lastKnownFileType = sourcecode.c.h; path = HHResponderDView.h; sourceTree = "<group>"; };
		F11E4C6F1E76DB6200D9AEDD /* HHResponderDView.m */ = {isa = PBXFileReference; fileEncoding = 4; lastKnownFileType = sourcecode.c.objc; path = HHResponderDView.m; sourceTree = "<group>"; };
		F17AF2831E6F0EFA00608536 /* studyDemo.app */ = {isa = PBXFileReference; explicitFileType = wrapper.application; includeInIndex = 0; path = studyDemo.app; sourceTree = BUILT_PRODUCTS_DIR; };
		F17AF2871E6F0EFA00608536 /* main.m */ = {isa = PBXFileReference; lastKnownFileType = sourcecode.c.objc; path = main.m; sourceTree = "<group>"; };
		F17AF2891E6F0EFA00608536 /* AppDelegate.h */ = {isa = PBXFileReference; lastKnownFileType = sourcecode.c.h; path = AppDelegate.h; sourceTree = "<group>"; };
		F17AF28A1E6F0EFA00608536 /* AppDelegate.m */ = {isa = PBXFileReference; lastKnownFileType = sourcecode.c.objc; path = AppDelegate.m; sourceTree = "<group>"; };
		F17AF28C1E6F0EFA00608536 /* ViewController.h */ = {isa = PBXFileReference; lastKnownFileType = sourcecode.c.h; path = ViewController.h; sourceTree = "<group>"; };
		F17AF28D1E6F0EFA00608536 /* ViewController.m */ = {isa = PBXFileReference; lastKnownFileType = sourcecode.c.objc; path = ViewController.m; sourceTree = "<group>"; };
		F17AF2901E6F0EFB00608536 /* Base */ = {isa = PBXFileReference; lastKnownFileType = file.storyboard; name = Base; path = Base.lproj/Main.storyboard; sourceTree = "<group>"; };
		F17AF2931E6F0EFB00608536 /* studyDemo.xcdatamodel */ = {isa = PBXFileReference; lastKnownFileType = wrapper.xcdatamodel; path = studyDemo.xcdatamodel; sourceTree = "<group>"; };
		F17AF2951E6F0EFB00608536 /* Assets.xcassets */ = {isa = PBXFileReference; lastKnownFileType = folder.assetcatalog; path = Assets.xcassets; sourceTree = "<group>"; };
		F17AF2981E6F0EFB00608536 /* Base */ = {isa = PBXFileReference; lastKnownFileType = file.storyboard; name = Base; path = Base.lproj/LaunchScreen.storyboard; sourceTree = "<group>"; };
		F17AF29A1E6F0EFB00608536 /* Info.plist */ = {isa = PBXFileReference; lastKnownFileType = text.plist.xml; path = Info.plist; sourceTree = "<group>"; };
/* End PBXFileReference section */

/* Begin PBXFrameworksBuildPhase section */
		F17AF2801E6F0EFA00608536 /* Frameworks */ = {
			isa = PBXFrameworksBuildPhase;
			buildActionMask = 2147483647;
			files = (
			);
			runOnlyForDeploymentPostprocessing = 0;
		};
/* End PBXFrameworksBuildPhase section */

/* Begin PBXGroup section */
		F1096CAE1E6FC997009851B6 /* RunTimeManager */ = {
			isa = PBXGroup;
			children = (
				F1096CAB1E6F9F85009851B6 /* HHRunTimeManager.h */,
				F1096CAC1E6F9F85009851B6 /* HHRunTimeManager.m */,
			);
			name = RunTimeManager;
			sourceTree = "<group>";
		};
		F1096CB51E6FD155009851B6 /* RunTimeTest */ = {
			isa = PBXGroup;
			children = (
				F1096CB21E6FCD41009851B6 /* HHRunTimeTest.h */,
				F1096CB31E6FCD41009851B6 /* HHRunTimeTest.m */,
				F1096CB61E6FD17D009851B6 /* RunTimeTestCell.h */,
				F1096CB71E6FD17D009851B6 /* RunTimeTestCell.m */,
			);
			name = RunTimeTest;
			sourceTree = "<group>";
		};
		F1096CB91E702941009851B6 /* MessageForward */ = {
			isa = PBXGroup;
			children = (
				F1096CBA1E702968009851B6 /* HHMessageForwardViewController.h */,
				F1096CBB1E702968009851B6 /* HHMessageForwardViewController.m */,
				F1096CBD1E7053BC009851B6 /* forwardTest.h */,
				F1096CBE1E7053BC009851B6 /* forwardTest.m */,
				F1096CC31E705948009851B6 /* subForwardTest.h */,
				F1096CC41E705948009851B6 /* subForwardTest.m */,
			);
			name = MessageForward;
			sourceTree = "<group>";
		};
		F11E4C5D1E76C80500D9AEDD /* Responder Link */ = {
			isa = PBXGroup;
			children = (
				F11E4C611E76D9D800D9AEDD /* Responder */,
				F11E4C5E1E76C86C00D9AEDD /* HHResponderLinkViewController.h */,
				F11E4C5F1E76C86C00D9AEDD /* HHResponderLinkViewController.m */,
			);
			name = "Responder Link";
			sourceTree = "<group>";
		};
		F11E4C611E76D9D800D9AEDD /* Responder */ = {
			isa = PBXGroup;
			children = (
				F11E4C651E76DB3B00D9AEDD /* HHResponderAView.h */,
				F11E4C661E76DB3B00D9AEDD /* HHResponderAView.m */,
				F11E4C681E76DB4800D9AEDD /* HHResponderBView.h */,
				F11E4C691E76DB4800D9AEDD /* HHResponderBView.m */,
				F11E4C6B1E76DB5500D9AEDD /* HHResponderCView.h */,
				F11E4C6C1E76DB5500D9AEDD /* HHResponderCView.m */,
				F11E4C6E1E76DB6200D9AEDD /* HHResponderDView.h */,
				F11E4C6F1E76DB6200D9AEDD /* HHResponderDView.m */,
			);
			name = Responder;
			sourceTree = "<group>";
		};
		F17AF27A1E6F0EFA00608536 = {
			isa = PBXGroup;
			children = (
				F17AF2851E6F0EFA00608536 /* studyDemo */,
				F17AF2841E6F0EFA00608536 /* Products */,
			);
			sourceTree = "<group>";
		};
		F17AF2841E6F0EFA00608536 /* Products */ = {
			isa = PBXGroup;
			children = (
				F17AF2831E6F0EFA00608536 /* studyDemo.app */,
			);
			name = Products;
			sourceTree = "<group>";
		};
		F17AF2851E6F0EFA00608536 /* studyDemo */ = {
			isa = PBXGroup;
			children = (
				F11E4C5D1E76C80500D9AEDD /* Responder Link */,
				F17AF2A21E6F1A2800608536 /* GCD */,
				F17AF2A11E6F1A1E00608536 /* RunLoop */,
				F17AF2A01E6F19EC00608536 /* RunTime */,
				F17AF2891E6F0EFA00608536 /* AppDelegate.h */,
				F17AF28A1E6F0EFA00608536 /* AppDelegate.m */,
				F17AF28C1E6F0EFA00608536 /* ViewController.h */,
				F17AF28D1E6F0EFA00608536 /* ViewController.m */,
				F17AF28F1E6F0EFB00608536 /* Main.storyboard */,
				F17AF2951E6F0EFB00608536 /* Assets.xcassets */,
				F17AF2971E6F0EFB00608536 /* LaunchScreen.storyboard */,
				F17AF29A1E6F0EFB00608536 /* Info.plist */,
				F17AF2921E6F0EFB00608536 /* studyDemo.xcdatamodeld */,
				F17AF2861E6F0EFA00608536 /* Supporting Files */,
			);
			path = studyDemo;
			sourceTree = "<group>";
		};
		F17AF2861E6F0EFA00608536 /* Supporting Files */ = {
			isa = PBXGroup;
			children = (
				F17AF2871E6F0EFA00608536 /* main.m */,
			);
			name = "Supporting Files";
			sourceTree = "<group>";
		};
		F17AF2A01E6F19EC00608536 /* RunTime */ = {
			isa = PBXGroup;
			children = (
				F1096CB91E702941009851B6 /* MessageForward */,
				F1096CAE1E6FC997009851B6 /* RunTimeManager */,
				F1096CB51E6FD155009851B6 /* RunTimeTest */,
				F1096CAF1E6FC9C8009851B6 /* HHRunTimeRootViewController.h */,
				F1096CB01E6FC9C8009851B6 /* HHRunTimeRootViewController.m */,
			);
			name = RunTime;
			sourceTree = "<group>";
		};
		F17AF2A11E6F1A1E00608536 /* RunLoop */ = {
			isa = PBXGroup;
			children = (
			);
			name = RunLoop;
			sourceTree = "<group>";
		};
		F17AF2A21E6F1A2800608536 /* GCD */ = {
			isa = PBXGroup;
			children = (
			);
			name = GCD;
			sourceTree = "<group>";
		};
/* End PBXGroup section */

/* Begin PBXNativeTarget section */
		F17AF2821E6F0EFA00608536 /* studyDemo */ = {
			isa = PBXNativeTarget;
			buildConfigurationList = F17AF29D1E6F0EFB00608536 /* Build configuration list for PBXNativeTarget "studyDemo" */;
			buildPhases = (
				F17AF27F1E6F0EFA00608536 /* Sources */,
				F17AF2801E6F0EFA00608536 /* Frameworks */,
				F17AF2811E6F0EFA00608536 /* Resources */,
			);
			buildRules = (
			);
			dependencies = (
			);
			name = studyDemo;
			productName = studyDemo;
			productReference = F17AF2831E6F0EFA00608536 /* studyDemo.app */;
			productType = "com.apple.product-type.application";
		};
/* End PBXNativeTarget section */

/* Begin PBXProject section */
		F17AF27B1E6F0EFA00608536 /* Project object */ = {
			isa = PBXProject;
			attributes = {
				LastUpgradeCheck = 0820;
				ORGANIZATIONNAME = hh;
				TargetAttributes = {
					F17AF2821E6F0EFA00608536 = {
						CreatedOnToolsVersion = 8.2.1;
						DevelopmentTeam = GYDL7AYYAH;
						ProvisioningStyle = Automatic;
					};
				};
			};
			buildConfigurationList = F17AF27E1E6F0EFA00608536 /* Build configuration list for PBXProject "studyDemo" */;
			compatibilityVersion = "Xcode 3.2";
			developmentRegion = English;
			hasScannedForEncodings = 0;
			knownRegions = (
				en,
				Base,
			);
			mainGroup = F17AF27A1E6F0EFA00608536;
			productRefGroup = F17AF2841E6F0EFA00608536 /* Products */;
			projectDirPath = "";
			projectRoot = "";
			targets = (
				F17AF2821E6F0EFA00608536 /* studyDemo */,
			);
		};
/* End PBXProject section */

/* Begin PBXResourcesBuildPhase section */
		F17AF2811E6F0EFA00608536 /* Resources */ = {
			isa = PBXResourcesBuildPhase;
			buildActionMask = 2147483647;
			files = (
				F17AF2991E6F0EFB00608536 /* LaunchScreen.storyboard in Resources */,
				F17AF2961E6F0EFB00608536 /* Assets.xcassets in Resources */,
				F17AF2911E6F0EFB00608536 /* Main.storyboard in Resources */,
			);
			runOnlyForDeploymentPostprocessing = 0;
		};
/* End PBXResourcesBuildPhase section */

/* Begin PBXSourcesBuildPhase section */
		F17AF27F1E6F0EFA00608536 /* Sources */ = {
			isa = PBXSourcesBuildPhase;
			buildActionMask = 2147483647;
			files = (
				F1096CB81E6FD17D009851B6 /* RunTimeTestCell.m in Sources */,
				F17AF2941E6F0EFB00608536 /* studyDemo.xcdatamodeld in Sources */,
				F17AF28E1E6F0EFA00608536 /* ViewController.m in Sources */,
				F1096CBF1E7053BC009851B6 /* forwardTest.m in Sources */,
				F11E4C6A1E76DB4800D9AEDD /* HHResponderBView.m in Sources */,
				F11E4C701E76DB6200D9AEDD /* HHResponderDView.m in Sources */,
				F17AF28B1E6F0EFA00608536 /* AppDelegate.m in Sources */,
				F1096CBC1E702968009851B6 /* HHMessageForwardViewController.m in Sources */,
				F17AF2881E6F0EFA00608536 /* main.m in Sources */,
				F1096CC51E705948009851B6 /* subForwardTest.m in Sources */,
				F1096CB41E6FCD41009851B6 /* HHRunTimeTest.m in Sources */,
				F11E4C671E76DB3B00D9AEDD /* HHResponderAView.m in Sources */,
				F11E4C601E76C86C00D9AEDD /* HHResponderLinkViewController.m in Sources */,
				F11E4C6D1E76DB5500D9AEDD /* HHResponderCView.m in Sources */,
				F1096CAD1E6F9F85009851B6 /* HHRunTimeManager.m in Sources */,
				F1096CB11E6FC9C8009851B6 /* HHRunTimeRootViewController.m in Sources */,
			);
			runOnlyForDeploymentPostprocessing = 0;
		};
/* End PBXSourcesBuildPhase section */

/* Begin PBXVariantGroup section */
		F17AF28F1E6F0EFB00608536 /* Main.storyboard */ = {
			isa = PBXVariantGroup;
			children = (
				F17AF2901E6F0EFB00608536 /* Base */,
			);
			name = Main.storyboard;
			sourceTree = "<group>";
		};
		F17AF2971E6F0EFB00608536 /* LaunchScreen.storyboard */ = {
			isa = PBXVariantGroup;
			children = (
				F17AF2981E6F0EFB00608536 /* Base */,
			);
			name = LaunchScreen.storyboard;
			sourceTree = "<group>";
		};
/* End PBXVariantGroup section */

/* Begin XCBuildConfiguration section */
		F17AF29B1E6F0EFB00608536 /* Debug */ = {
			isa = XCBuildConfiguration;
			buildSettings = {
				ALWAYS_SEARCH_USER_PATHS = NO;
				CLANG_ANALYZER_NONNULL = YES;
				CLANG_CXX_LANGUAGE_STANDARD = "gnu++0x";
				CLANG_CXX_LIBRARY = "libc++";
				CLANG_ENABLE_MODULES = YES;
				CLANG_ENABLE_OBJC_ARC = YES;
				CLANG_WARN_BOOL_CONVERSION = YES;
				CLANG_WARN_CONSTANT_CONVERSION = YES;
				CLANG_WARN_DIRECT_OBJC_ISA_USAGE = YES_ERROR;
				CLANG_WARN_DOCUMENTATION_COMMENTS = YES;
				CLANG_WARN_EMPTY_BODY = YES;
				CLANG_WARN_ENUM_CONVERSION = YES;
				CLANG_WARN_INFINITE_RECURSION = YES;
				CLANG_WARN_INT_CONVERSION = YES;
				CLANG_WARN_OBJC_ROOT_CLASS = YES_ERROR;
				CLANG_WARN_SUSPICIOUS_MOVE = YES;
				CLANG_WARN_UNREACHABLE_CODE = YES;
				CLANG_WARN__DUPLICATE_METHOD_MATCH = YES;
				"CODE_SIGN_IDENTITY[sdk=iphoneos*]" = "iPhone Developer";
				COPY_PHASE_STRIP = NO;
				DEBUG_INFORMATION_FORMAT = dwarf;
				ENABLE_STRICT_OBJC_MSGSEND = YES;
				ENABLE_TESTABILITY = YES;
				GCC_C_LANGUAGE_STANDARD = gnu99;
				GCC_DYNAMIC_NO_PIC = NO;
				GCC_NO_COMMON_BLOCKS = YES;
				GCC_OPTIMIZATION_LEVEL = 0;
				GCC_PREPROCESSOR_DEFINITIONS = (
					"DEBUG=1",
					"$(inherited)",
				);
				GCC_WARN_64_TO_32_BIT_CONVERSION = YES;
				GCC_WARN_ABOUT_RETURN_TYPE = YES_ERROR;
				GCC_WARN_UNDECLARED_SELECTOR = YES;
				GCC_WARN_UNINITIALIZED_AUTOS = YES_AGGRESSIVE;
				GCC_WARN_UNUSED_FUNCTION = YES;
				GCC_WARN_UNUSED_VARIABLE = YES;
				IPHONEOS_DEPLOYMENT_TARGET = 10.2;
				MTL_ENABLE_DEBUG_INFO = YES;
				ONLY_ACTIVE_ARCH = YES;
				SDKROOT = iphoneos;
			};
			name = Debug;
		};
		F17AF29C1E6F0EFB00608536 /* Release */ = {
			isa = XCBuildConfiguration;
			buildSettings = {
				ALWAYS_SEARCH_USER_PATHS = NO;
				CLANG_ANALYZER_NONNULL = YES;
				CLANG_CXX_LANGUAGE_STANDARD = "gnu++0x";
				CLANG_CXX_LIBRARY = "libc++";
				CLANG_ENABLE_MODULES = YES;
				CLANG_ENABLE_OBJC_ARC = YES;
				CLANG_WARN_BOOL_CONVERSION = YES;
				CLANG_WARN_CONSTANT_CONVERSION = YES;
				CLANG_WARN_DIRECT_OBJC_ISA_USAGE = YES_ERROR;
				CLANG_WARN_DOCUMENTATION_COMMENTS = YES;
				CLANG_WARN_EMPTY_BODY = YES;
				CLANG_WARN_ENUM_CONVERSION = YES;
				CLANG_WARN_INFINITE_RECURSION = YES;
				CLANG_WARN_INT_CONVERSION = YES;
				CLANG_WARN_OBJC_ROOT_CLASS = YES_ERROR;
				CLANG_WARN_SUSPICIOUS_MOVE = YES;
				CLANG_WARN_UNREACHABLE_CODE = YES;
				CLANG_WARN__DUPLICATE_METHOD_MATCH = YES;
				"CODE_SIGN_IDENTITY[sdk=iphoneos*]" = "iPhone Developer";
				COPY_PHASE_STRIP = NO;
				DEBUG_INFORMATION_FORMAT = "dwarf-with-dsym";
				ENABLE_NS_ASSERTIONS = NO;
				ENABLE_STRICT_OBJC_MSGSEND = YES;
				GCC_C_LANGUAGE_STANDARD = gnu99;
				GCC_NO_COMMON_BLOCKS = YES;
				GCC_WARN_64_TO_32_BIT_CONVERSION = YES;
				GCC_WARN_ABOUT_RETURN_TYPE = YES_ERROR;
				GCC_WARN_UNDECLARED_SELECTOR = YES;
				GCC_WARN_UNINITIALIZED_AUTOS = YES_AGGRESSIVE;
				GCC_WARN_UNUSED_FUNCTION = YES;
				GCC_WARN_UNUSED_VARIABLE = YES;
				IPHONEOS_DEPLOYMENT_TARGET = 10.2;
				MTL_ENABLE_DEBUG_INFO = NO;
				SDKROOT = iphoneos;
				VALIDATE_PRODUCT = YES;
			};
			name = Release;
		};
		F17AF29E1E6F0EFB00608536 /* Debug */ = {
			isa = XCBuildConfiguration;
			buildSettings = {
				ASSETCATALOG_COMPILER_APPICON_NAME = AppIcon;
				DEVELOPMENT_TEAM = GYDL7AYYAH;
				INFOPLIST_FILE = studyDemo/Info.plist;
				LD_RUNPATH_SEARCH_PATHS = "$(inherited) @executable_path/Frameworks";
				PRODUCT_BUNDLE_IDENTIFIER = com.hh.studyDemo;
				PRODUCT_NAME = "$(TARGET_NAME)";
			};
			name = Debug;
		};
		F17AF29F1E6F0EFB00608536 /* Release */ = {
			isa = XCBuildConfiguration;
			buildSettings = {
				ASSETCATALOG_COMPILER_APPICON_NAME = AppIcon;
				DEVELOPMENT_TEAM = GYDL7AYYAH;
				INFOPLIST_FILE = studyDemo/Info.plist;
				LD_RUNPATH_SEARCH_PATHS = "$(inherited) @executable_path/Frameworks";
				PRODUCT_BUNDLE_IDENTIFIER = com.hh.studyDemo;
				PRODUCT_NAME = "$(TARGET_NAME)";
			};
			name = Release;
		};
/* End XCBuildConfiguration section */

/* Begin XCConfigurationList section */
		F17AF27E1E6F0EFA00608536 /* Build configuration list for PBXProject "studyDemo" */ = {
			isa = XCConfigurationList;
			buildConfigurations = (
				F17AF29B1E6F0EFB00608536 /* Debug */,
				F17AF29C1E6F0EFB00608536 /* Release */,
			);
			defaultConfigurationIsVisible = 0;
			defaultConfigurationName = Release;
		};
		F17AF29D1E6F0EFB00608536 /* Build configuration list for PBXNativeTarget "studyDemo" */ = {
			isa = XCConfigurationList;
			buildConfigurations = (
				F17AF29E1E6F0EFB00608536 /* Debug */,
				F17AF29F1E6F0EFB00608536 /* Release */,
			);
			defaultConfigurationIsVisible = 0;
			defaultConfigurationName = Release;
		};
/* End XCConfigurationList section */

/* Begin XCVersionGroup section */
		F17AF2921E6F0EFB00608536 /* studyDemo.xcdatamodeld */ = {
			isa = XCVersionGroup;
			children = (
				F17AF2931E6F0EFB00608536 /* studyDemo.xcdatamodel */,
			);
			currentVersion = F17AF2931E6F0EFB00608536 /* studyDemo.xcdatamodel */;
			path = studyDemo.xcdatamodeld;
			sourceTree = "<group>";
			versionGroupType = wrapper.xcdatamodel;
		};
/* End XCVersionGroup section */
	};
	rootObject = F17AF27B1E6F0EFA00608536 /* Project object */;
}
